
Microsoft Visual Studio Solution File, Format Version 12.00
# Visual Studio Version 16
VisualStudioVersion = 16.0.31729.503
MinimumVisualStudioVersion = 10.0.40219.1
Project("{FAE04EC0-301F-11D3-BF4B-00C04F79EFBC}") = "20_Wifi_Basic", "20_Wifi_Basic\20_Wifi_Basic.csproj", "{14DB8822-9582-43F0-AB8C-E0EF201E8AFE}"
EndProject
Global
	GlobalSection(SolutionConfigurationPlatforms) = preSolution
		Debug|Any CPU = Debug|Any CPU
		Release|Any CPU = Release|Any CPU
	EndGlobalSection
	GlobalSection(ProjectConfigurationPlatforms) = postSolution
		{14DB8822-9582-43F0-AB8C-E0EF201E8AFE}.Debug|Any CPU.ActiveCfg = Debug|Any CPU
		{14DB8822-9582-43F0-AB8C-E0EF201E8AFE}.Debug|Any CPU.Build.0 = Debug|Any CPU
		{14DB8822-9582-43F0-AB8C-E0EF201E8AFE}.Debug|Any CPU.Deploy.0 = Debug|Any CPU
		{14DB8822-9582-43F0-AB8C-E0EF201E8AFE}.Release|Any CPU.ActiveCfg = Release|Any CPU
		{14DB8822-9582-43F0-AB8C-E0EF201E8AFE}.Release|Any CPU.Build.0 = Release|Any CPU
		{14DB8822-9582-43F0-AB8C-E0EF201E8AFE}.Release|Any CPU.Deploy.0 = Release|Any CPU
	EndGlobalSection
	GlobalSection(SolutionProperties) = preSolution
		HideSolutionNode = FALSE
	EndGlobalSection
	GlobalSection(ExtensibilityGlobals) = postSolution
		SolutionGuid = {C5738ABD-7173-41F6-8BDB-460FA5CB22D0}
	EndGlobalSection
EndGlobal
