
Microsoft Visual Studio Solution File, Format Version 12.00
# Visual Studio Version 16
VisualStudioVersion = 16.0.31729.503
MinimumVisualStudioVersion = 10.0.40219.1
Project("{FAE04EC0-301F-11D3-BF4B-00C04F79EFBC}") = "17_Fading_LED_Using_Button_Interupt", "17_Fading_LED_Using_Button_Interupt\17_Fading_LED_Using_Button_Interupt.csproj", "{02FF5B56-1CF3-48E3-A1CA-6D81277EF1FC}"
EndProject
Global
	GlobalSection(SolutionConfigurationPlatforms) = preSolution
		Debug|Any CPU = Debug|Any CPU
		Release|Any CPU = Release|Any CPU
	EndGlobalSection
	GlobalSection(ProjectConfigurationPlatforms) = postSolution
		{02FF5B56-1CF3-48E3-A1CA-6D81277EF1FC}.Debug|Any CPU.ActiveCfg = Debug|Any CPU
		{02FF5B56-1CF3-48E3-A1CA-6D81277EF1FC}.Debug|Any CPU.Build.0 = Debug|Any CPU
		{02FF5B56-1CF3-48E3-A1CA-6D81277EF1FC}.Debug|Any CPU.Deploy.0 = Debug|Any CPU
		{02FF5B56-1CF3-48E3-A1CA-6D81277EF1FC}.Release|Any CPU.ActiveCfg = Release|Any CPU
		{02FF5B56-1CF3-48E3-A1CA-6D81277EF1FC}.Release|Any CPU.Build.0 = Release|Any CPU
		{02FF5B56-1CF3-48E3-A1CA-6D81277EF1FC}.Release|Any CPU.Deploy.0 = Release|Any CPU
	EndGlobalSection
	GlobalSection(SolutionProperties) = preSolution
		HideSolutionNode = FALSE
	EndGlobalSection
	GlobalSection(ExtensibilityGlobals) = postSolution
		SolutionGuid = {F533109E-D53B-4994-AEBF-D943D812B6C0}
	EndGlobalSection
EndGlobal
