
Microsoft Visual Studio Solution File, Format Version 12.00
# Visual Studio Version 16
VisualStudioVersion = 16.0.31729.503
MinimumVisualStudioVersion = 10.0.40219.1
Project("{FAE04EC0-301F-11D3-BF4B-00C04F79EFBC}") = "23_MPU6050", "23_MPU6050\23_MPU6050.csproj", "{3EACB122-73F6-49B9-83C5-C465212C8AAE}"
EndProject
Global
	GlobalSection(SolutionConfigurationPlatforms) = preSolution
		Debug|Any CPU = Debug|Any CPU
		Release|Any CPU = Release|Any CPU
	EndGlobalSection
	GlobalSection(ProjectConfigurationPlatforms) = postSolution
		{3EACB122-73F6-49B9-83C5-C465212C8AAE}.Debug|Any CPU.ActiveCfg = Debug|Any CPU
		{3EACB122-73F6-49B9-83C5-C465212C8AAE}.Debug|Any CPU.Build.0 = Debug|Any CPU
		{3EACB122-73F6-49B9-83C5-C465212C8AAE}.Debug|Any CPU.Deploy.0 = Debug|Any CPU
		{3EACB122-73F6-49B9-83C5-C465212C8AAE}.Release|Any CPU.ActiveCfg = Release|Any CPU
		{3EACB122-73F6-49B9-83C5-C465212C8AAE}.Release|Any CPU.Build.0 = Release|Any CPU
		{3EACB122-73F6-49B9-83C5-C465212C8AAE}.Release|Any CPU.Deploy.0 = Release|Any CPU
	EndGlobalSection
	GlobalSection(SolutionProperties) = preSolution
		HideSolutionNode = FALSE
	EndGlobalSection
	GlobalSection(ExtensibilityGlobals) = postSolution
		SolutionGuid = {F4845DC4-E2C8-415C-BF40-97C2B2AF06D3}
	EndGlobalSection
EndGlobal
