
Microsoft Visual Studio Solution File, Format Version 12.00
# Visual Studio Version 16
VisualStudioVersion = 16.0.31729.503
MinimumVisualStudioVersion = 10.0.40219.1
Project("{FAE04EC0-301F-11D3-BF4B-00C04F79EFBC}") = "25_LCDI2C", "25_LCDI2C\25_LCDI2C.csproj", "{BECE4930-0A17-4AD2-9B35-9B1FF7D30F2D}"
EndProject
Global
	GlobalSection(SolutionConfigurationPlatforms) = preSolution
		Debug|Any CPU = Debug|Any CPU
		Release|Any CPU = Release|Any CPU
	EndGlobalSection
	GlobalSection(ProjectConfigurationPlatforms) = postSolution
		{BECE4930-0A17-4AD2-9B35-9B1FF7D30F2D}.Debug|Any CPU.ActiveCfg = Debug|Any CPU
		{BECE4930-0A17-4AD2-9B35-9B1FF7D30F2D}.Debug|Any CPU.Build.0 = Debug|Any CPU
		{BECE4930-0A17-4AD2-9B35-9B1FF7D30F2D}.Debug|Any CPU.Deploy.0 = Debug|Any CPU
		{BECE4930-0A17-4AD2-9B35-9B1FF7D30F2D}.Release|Any CPU.ActiveCfg = Release|Any CPU
		{BECE4930-0A17-4AD2-9B35-9B1FF7D30F2D}.Release|Any CPU.Build.0 = Release|Any CPU
		{BECE4930-0A17-4AD2-9B35-9B1FF7D30F2D}.Release|Any CPU.Deploy.0 = Release|Any CPU
	EndGlobalSection
	GlobalSection(SolutionProperties) = preSolution
		HideSolutionNode = FALSE
	EndGlobalSection
	GlobalSection(ExtensibilityGlobals) = postSolution
		SolutionGuid = {56CBFF07-7AAC-4B87-91FB-9C87A2FC0E10}
	EndGlobalSection
EndGlobal
