
Microsoft Visual Studio Solution File, Format Version 12.00
# Visual Studio Version 16
VisualStudioVersion = 16.0.31729.503
MinimumVisualStudioVersion = 10.0.40219.1
Project("{FAE04EC0-301F-11D3-BF4B-00C04F79EFBC}") = "5_AnalogRead_LM35_Automatic_Pooling", "5_AnalogRead_LM35_Automatic_Pooling\5_AnalogRead_LM35_Automatic_Pooling.csproj", "{1B21FA36-6DDE-48F1-B66D-3B5FFB29EF9F}"
EndProject
Global
	GlobalSection(SolutionConfigurationPlatforms) = preSolution
		Debug|Any CPU = Debug|Any CPU
		Release|Any CPU = Release|Any CPU
	EndGlobalSection
	GlobalSection(ProjectConfigurationPlatforms) = postSolution
		{1B21FA36-6DDE-48F1-B66D-3B5FFB29EF9F}.Debug|Any CPU.ActiveCfg = Debug|Any CPU
		{1B21FA36-6DDE-48F1-B66D-3B5FFB29EF9F}.Debug|Any CPU.Build.0 = Debug|Any CPU
		{1B21FA36-6DDE-48F1-B66D-3B5FFB29EF9F}.Debug|Any CPU.Deploy.0 = Debug|Any CPU
		{1B21FA36-6DDE-48F1-B66D-3B5FFB29EF9F}.Release|Any CPU.ActiveCfg = Release|Any CPU
		{1B21FA36-6DDE-48F1-B66D-3B5FFB29EF9F}.Release|Any CPU.Build.0 = Release|Any CPU
		{1B21FA36-6DDE-48F1-B66D-3B5FFB29EF9F}.Release|Any CPU.Deploy.0 = Release|Any CPU
	EndGlobalSection
	GlobalSection(SolutionProperties) = preSolution
		HideSolutionNode = FALSE
	EndGlobalSection
	GlobalSection(ExtensibilityGlobals) = postSolution
		SolutionGuid = {DA3E018B-CF53-4B3C-B691-128A33E3D680}
	EndGlobalSection
EndGlobal
